version: 6
environments:
  default:
    channels:
    - url: https://conda.anaconda.org/conda-forge/
    - url: https://conda.anaconda.org/bioconda/
    packages:
      osx-arm64:
      - conda: https://conda.anaconda.org/conda-forge/osx-arm64/biopython-1.86-py314h0612a62_0.conda
      - conda: https://conda.anaconda.org/bioconda/osx-arm64/blast-2.16.0-hb260f6e_5.tar.bz2
      - conda: https://conda.anaconda.org/conda-forge/osx-arm64/bzip2-1.0.8-hd037594_8.conda
      - conda: https://conda.anaconda.org/conda-forge/osx-arm64/c-ares-1.34.5-h5505292_0.conda
      - conda: https://conda.anaconda.org/conda-forge/noarch/ca-certificates-2025.11.12-hbd8a1cb_0.conda
      - conda: https://conda.anaconda.org/conda-forge/osx-arm64/curl-8.17.0-hdece5d2_0.conda
      - conda: https://conda.anaconda.org/bioconda/osx-arm64/entrez-direct-22.4-hd5f1084_0.tar.bz2
      - conda: https://conda.anaconda.org/conda-forge/osx-arm64/icu-75.1-hfee45f7_0.conda
      - conda: https://conda.anaconda.org/conda-forge/osx-arm64/krb5-1.21.3-h237132a_0.conda
      - conda: https://conda.anaconda.org/conda-forge/osx-arm64/libblas-3.9.0-38_h51639a9_openblas.conda
      - conda: https://conda.anaconda.org/conda-forge/osx-arm64/libcblas-3.9.0-38_hb0561ab_openblas.conda
      - conda: https://conda.anaconda.org/conda-forge/osx-arm64/libcurl-8.17.0-hdece5d2_0.conda
      - conda: https://conda.anaconda.org/conda-forge/osx-arm64/libcxx-21.1.5-hf598326_0.conda
      - conda: https://conda.anaconda.org/conda-forge/osx-arm64/libedit-3.1.20250104-pl5321hafb1f1b_0.conda
      - conda: https://conda.anaconda.org/conda-forge/osx-arm64/libev-4.33-h93a5062_2.conda
      - conda: https://conda.anaconda.org/conda-forge/osx-arm64/libexpat-2.7.1-hec049ff_0.conda
      - conda: https://conda.anaconda.org/conda-forge/osx-arm64/libffi-3.5.2-he5f378a_0.conda
      - conda: https://conda.anaconda.org/conda-forge/osx-arm64/libgfortran-15.2.0-hfcf01ff_1.conda
      - conda: https://conda.anaconda.org/conda-forge/osx-arm64/libgfortran5-15.2.0-h742603c_1.conda
      - conda: https://conda.anaconda.org/conda-forge/osx-arm64/libiconv-1.18-h23cfdf5_2.conda
      - conda: https://conda.anaconda.org/conda-forge/osx-arm64/libidn2-2.3.8-ha90df94_1.conda
      - conda: https://conda.anaconda.org/conda-forge/osx-arm64/libintl-0.25.1-h493aca8_0.conda
      - conda: https://conda.anaconda.org/conda-forge/osx-arm64/liblapack-3.9.0-38_hd9741b5_openblas.conda
      - conda: https://conda.anaconda.org/conda-forge/osx-arm64/liblzma-5.8.1-h39f12f2_2.conda
      - conda: https://conda.anaconda.org/conda-forge/osx-arm64/libmpdec-4.0.0-h5505292_0.conda
      - conda: https://conda.anaconda.org/conda-forge/osx-arm64/libnghttp2-1.67.0-hc438710_0.conda
      - conda: https://conda.anaconda.org/conda-forge/osx-arm64/libopenblas-0.3.30-openmp_ha158390_3.conda
      - conda: https://conda.anaconda.org/conda-forge/osx-arm64/libsqlite-3.51.0-h8adb53f_0.conda
      - conda: https://conda.anaconda.org/conda-forge/osx-arm64/libssh2-1.11.1-h1590b86_0.conda
      - conda: https://conda.anaconda.org/conda-forge/osx-arm64/libunistring-0.9.10-h3422bc3_0.tar.bz2
      - conda: https://conda.anaconda.org/conda-forge/osx-arm64/libzlib-1.3.1-h8359307_2.conda
      - conda: https://conda.anaconda.org/conda-forge/osx-arm64/llvm-openmp-21.1.5-h4a912ad_2.conda
      - conda: https://conda.anaconda.org/bioconda/osx-arm64/ncbi-vdb-3.2.1-h4675bf2_0.tar.bz2
      - conda: https://conda.anaconda.org/conda-forge/osx-arm64/ncurses-6.5-h5e97a16_3.conda
      - conda: https://conda.anaconda.org/conda-forge/osx-arm64/numpy-2.3.4-py314h5b5928d_0.conda
      - conda: https://conda.anaconda.org/conda-forge/osx-arm64/openssl-3.6.0-h5503f6c_0.conda
      - conda: https://conda.anaconda.org/conda-forge/osx-arm64/pcre2-10.45-ha881caa_0.conda
      - conda: https://conda.anaconda.org/conda-forge/osx-arm64/perl-5.32.1-7_h4614cfb_perl5.conda
      - conda: https://conda.anaconda.org/bioconda/noarch/perl-archive-tar-3.04-pl5321hdfd78af_0.tar.bz2
      - conda: https://conda.anaconda.org/conda-forge/noarch/perl-carp-1.50-pl5321hd8ed1ab_0.tar.bz2
      - conda: https://conda.anaconda.org/conda-forge/noarch/perl-common-sense-3.75-pl5321hd8ed1ab_0.tar.bz2
      - conda: https://conda.anaconda.org/conda-forge/osx-arm64/perl-compress-raw-bzip2-2.214-pl5321h2ddc596_0.conda
      - conda: https://conda.anaconda.org/conda-forge/osx-arm64/perl-compress-raw-zlib-2.214-pl5321ha1c2b25_0.conda
      - conda: https://conda.anaconda.org/conda-forge/osx-arm64/perl-encode-3.21-pl5321h5505292_1.conda
      - conda: https://conda.anaconda.org/conda-forge/noarch/perl-exporter-5.74-pl5321hd8ed1ab_0.tar.bz2
      - conda: https://conda.anaconda.org/conda-forge/noarch/perl-exporter-tiny-1.002002-pl5321hd8ed1ab_0.tar.bz2
      - conda: https://conda.anaconda.org/conda-forge/noarch/perl-extutils-makemaker-7.70-pl5321hd8ed1ab_0.conda
      - conda: https://conda.anaconda.org/bioconda/osx-arm64/perl-io-compress-2.213-pl5321haef7865_0.conda
      - conda: https://conda.anaconda.org/bioconda/noarch/perl-io-zlib-1.15-pl5321hdfd78af_1.tar.bz2
      - conda: https://conda.anaconda.org/bioconda/noarch/perl-json-4.10-pl5321hdfd78af_1.tar.bz2
      - conda: https://conda.anaconda.org/bioconda/osx-arm64/perl-json-xs-4.04-pl5321h4675bf2_0.conda
      - conda: https://conda.anaconda.org/bioconda/noarch/perl-list-moreutils-0.430-pl5321hdfd78af_0.tar.bz2
      - conda: https://conda.anaconda.org/bioconda/osx-arm64/perl-list-moreutils-xs-0.430-pl5321hbdacb55_5.tar.bz2
      - conda: https://conda.anaconda.org/conda-forge/noarch/perl-parent-0.243-pl5321hd8ed1ab_0.conda
      - conda: https://conda.anaconda.org/conda-forge/osx-arm64/perl-pathtools-3.75-pl5321hc71e825_2.conda
      - conda: https://conda.anaconda.org/conda-forge/osx-arm64/perl-scalar-list-utils-1.70-pl5321h44e845a_0.conda
      - conda: https://conda.anaconda.org/conda-forge/osx-arm64/perl-storable-3.15-pl5321hc71e825_2.conda
      - conda: https://conda.anaconda.org/bioconda/noarch/perl-types-serialiser-1.01-pl5321hdfd78af_0.tar.bz2
      - conda: https://conda.anaconda.org/conda-forge/osx-arm64/python-3.14.0-h40d2674_102_cp314.conda
      - conda: https://conda.anaconda.org/conda-forge/noarch/python_abi-3.14-8_cp314.conda
      - conda: https://conda.anaconda.org/conda-forge/osx-arm64/readline-8.2-h1d1bf99_2.conda
      - conda: https://conda.anaconda.org/bioconda/osx-arm64/rpsbproc-0.5.0-hf8bb5b5_3.tar.bz2
      - conda: https://conda.anaconda.org/conda-forge/osx-arm64/tk-8.6.13-h892fb3f_3.conda
      - conda: https://conda.anaconda.org/conda-forge/noarch/tzdata-2025b-h78e105d_0.conda
      - conda: https://conda.anaconda.org/conda-forge/osx-arm64/wget-1.25.0-hd7c3adf_0.conda
      - conda: https://conda.anaconda.org/conda-forge/osx-arm64/zlib-1.3.1-h8359307_2.conda
      - conda: https://conda.anaconda.org/conda-forge/osx-arm64/zstd-1.5.7-h6491c7d_2.conda
packages:
- conda: https://conda.anaconda.org/conda-forge/osx-arm64/biopython-1.86-py314h0612a62_0.conda
  sha256: 66ea38451834a979efafd24bb733f36e0f78f42c06751da2932494fe0f2deee6
  md5: 5d02d66bdc26703982de4eb5e50413b1
  depends:
  - __osx >=11.0
  - numpy
  - python >=3.14,<3.15.0a0
  - python >=3.14,<3.15.0a0 *_cp314
  - python_abi 3.14.* *_cp314
  license: LicenseRef-Biopython
  size: 3318642
  timestamp: 1761735025498
- conda: https://conda.anaconda.org/bioconda/osx-arm64/blast-2.16.0-hb260f6e_5.tar.bz2
  sha256: 0ca5da8fa1aee16a96bfc00284f09a92bd85aa6f57ded3a9ab6a21d573bec52f
  md5: 112829a9e327f78c8f26699c19d65bfb
  depends:
  - bzip2 >=1.0.8,<2.0a0
  - curl
  - entrez-direct >=22.4,<23.0a0
  - libcxx >=18
  - libsqlite >=3.49.1,<4.0a0
  - libzlib >=1.3.1,<2.0a0
  - ncbi-vdb >=3.2.1,<4.0a0
  - perl
  - perl-archive-tar
  - perl-json
  - perl-list-moreutils
  - rpsbproc
  - zlib
  license: NCBI-PD
  size: 157885023
  timestamp: 1743182400505
- conda: https://conda.anaconda.org/conda-forge/osx-arm64/bzip2-1.0.8-hd037594_8.conda
  sha256: b456200636bd5fecb2bec63f7e0985ad2097cf1b83d60ce0b6968dffa6d02aa1
  md5: 58fd217444c2a5701a44244faf518206
  depends:
  - __osx >=11.0
  license: bzip2-1.0.6
  license_family: BSD
  size: 125061
  timestamp: 1757437486465
- conda: https://conda.anaconda.org/conda-forge/osx-arm64/c-ares-1.34.5-h5505292_0.conda
  sha256: b4bb55d0806e41ffef94d0e3f3c97531f322b3cb0ca1f7cdf8e47f62538b7a2b
  md5: f8cd1beb98240c7edb1a95883360ccfa
  depends:
  - __osx >=11.0
  license: MIT
  license_family: MIT
  size: 179696
  timestamp: 1744128058734
- conda: https://conda.anaconda.org/conda-forge/noarch/ca-certificates-2025.11.12-hbd8a1cb_0.conda
  sha256: b986ba796d42c9d3265602bc038f6f5264095702dd546c14bc684e60c385e773
  md5: f0991f0f84902f6b6009b4d2350a83aa
  depends:
  - __unix
  license: ISC
  size: 152432
  timestamp: 1762967197890
- conda: https://conda.anaconda.org/conda-forge/osx-arm64/curl-8.17.0-hdece5d2_0.conda
  sha256: 1c53077d345b7b9fe91c9919f9b5add1d5189347c60498ac2e74988f96e90b26
  md5: 54bcf3ed11f74c1a77fcc18357a1e74a
  depends:
  - __osx >=11.0
  - krb5 >=1.21.3,<1.22.0a0
  - libcurl 8.17.0 hdece5d2_0
  - libssh2 >=1.11.1,<2.0a0
  - libzlib >=1.3.1,<2.0a0
  - openssl >=3.5.4,<4.0a0
  - zstd >=1.5.7,<1.6.0a0
  license: curl
  license_family: MIT
  size: 174224
  timestamp: 1762334311884
- conda: https://conda.anaconda.org/bioconda/osx-arm64/entrez-direct-22.4-hd5f1084_0.tar.bz2
  sha256: 46efea9f61526340ae8db2c1e25666fc46a259f5a52e8d69d5ca62fedf46774d
  md5: 56c3860d52479d20d86dd78f24947e8e
  depends:
  - wget
  license: PUBLIC DOMAIN
  size: 13706791
  timestamp: 1721746465282
- conda: https://conda.anaconda.org/conda-forge/osx-arm64/icu-75.1-hfee45f7_0.conda
  sha256: 9ba12c93406f3df5ab0a43db8a4b4ef67a5871dfd401010fbe29b218b2cbe620
  md5: 5eb22c1d7b3fc4abb50d92d621583137
  depends:
  - __osx >=11.0
  license: MIT
  license_family: MIT
  size: 11857802
  timestamp: 1720853997952
- conda: https://conda.anaconda.org/conda-forge/osx-arm64/krb5-1.21.3-h237132a_0.conda
  sha256: 4442f957c3c77d69d9da3521268cad5d54c9033f1a73f99cde0a3658937b159b
  md5: c6dc8a0fdec13a0565936655c33069a1
  depends:
  - __osx >=11.0
  - libcxx >=16
  - libedit >=3.1.20191231,<3.2.0a0
  - libedit >=3.1.20191231,<4.0a0
  - openssl >=3.3.1,<4.0a0
  license: MIT
  license_family: MIT
  size: 1155530
  timestamp: 1719463474401
- conda: https://conda.anaconda.org/conda-forge/osx-arm64/libblas-3.9.0-38_h51639a9_openblas.conda
  build_number: 38
  sha256: 1850e189ca9b623497b857cf905bb2c8d57c8a42de5aed63a9b0bd857a1af2ae
  md5: 90a49011b477170c063b385cbacf9138
  depends:
  - libopenblas >=0.3.30,<0.3.31.0a0
  - libopenblas >=0.3.30,<1.0a0
  constrains:
  - liblapack  3.9.0   38*_openblas
  - libcblas   3.9.0   38*_openblas
  - mkl <2026
  - liblapacke 3.9.0   38*_openblas
  - blas 2.138   openblas
  license: BSD-3-Clause
  license_family: BSD
  size: 17695
  timestamp: 1761680554564
- conda: https://conda.anaconda.org/conda-forge/osx-arm64/libcblas-3.9.0-38_hb0561ab_openblas.conda
  build_number: 38
  sha256: 5ab5a9aa350a5838d91f0e4feed30f765cbea461ee9515bf214d459c3378a531
  md5: eab61fcb277d6fa9f059bba437fd3612
  depends:
  - libblas 3.9.0 38_h51639a9_openblas
  constrains:
  - liblapack  3.9.0   38*_openblas
  - liblapacke 3.9.0   38*_openblas
  - blas 2.138   openblas
  license: BSD-3-Clause
  license_family: BSD
  size: 17685
  timestamp: 1761680563279
- conda: https://conda.anaconda.org/conda-forge/osx-arm64/libcurl-8.17.0-hdece5d2_0.conda
  sha256: 2980c5de44ac3ca2ecbd4a00756da1648ea2945d9e4a2ad9f216c7787df57f10
  md5: 791003efe92c17ed5949b309c61a5ab1
  depends:
  - __osx >=11.0
  - krb5 >=1.21.3,<1.22.0a0
  - libnghttp2 >=1.67.0,<2.0a0
  - libssh2 >=1.11.1,<2.0a0
  - libzlib >=1.3.1,<2.0a0
  - openssl >=3.5.4,<4.0a0
  - zstd >=1.5.7,<1.6.0a0
  license: curl
  license_family: MIT
  size: 394183
  timestamp: 1762334288445
- conda: https://conda.anaconda.org/conda-forge/osx-arm64/libcxx-21.1.5-hf598326_0.conda
  sha256: cb441b85669eec99a593f59e6bb18c1d8a46d13eebadfc6a55f0b298109bf510
  md5: fbfdbf6e554275d2661c4541f45fed53
  depends:
  - __osx >=11.0
  license: Apache-2.0 WITH LLVM-exception
  license_family: Apache
  size: 569449
  timestamp: 1762258167196
- conda: https://conda.anaconda.org/conda-forge/osx-arm64/libedit-3.1.20250104-pl5321hafb1f1b_0.conda
  sha256: 66aa216a403de0bb0c1340a88d1a06adaff66bae2cfd196731aa24db9859d631
  md5: 44083d2d2c2025afca315c7a172eab2b
  depends:
  - ncurses
  - __osx >=11.0
  - ncurses >=6.5,<7.0a0
  license: BSD-2-Clause
  license_family: BSD
  size: 107691
  timestamp: 1738479560845
- conda: https://conda.anaconda.org/conda-forge/osx-arm64/libev-4.33-h93a5062_2.conda
  sha256: 95cecb3902fbe0399c3a7e67a5bed1db813e5ab0e22f4023a5e0f722f2cc214f
  md5: 36d33e440c31857372a72137f78bacf5
  license: BSD-2-Clause
  license_family: BSD
  size: 107458
  timestamp: 1702146414478
- conda: https://conda.anaconda.org/conda-forge/osx-arm64/libexpat-2.7.1-hec049ff_0.conda
  sha256: 8fbb17a56f51e7113ed511c5787e0dec0d4b10ef9df921c4fd1cccca0458f648
  md5: b1ca5f21335782f71a8bd69bdc093f67
  depends:
  - __osx >=11.0
  constrains:
  - expat 2.7.1.*
  license: MIT
  license_family: MIT
  size: 65971
  timestamp: 1752719657566
- conda: https://conda.anaconda.org/conda-forge/osx-arm64/libffi-3.5.2-he5f378a_0.conda
  sha256: 9b8acdf42df61b7bfe8bdc545c016c29e61985e79748c64ad66df47dbc2e295f
  md5: 411ff7cd5d1472bba0f55c0faf04453b
  depends:
  - __osx >=11.0
  license: MIT
  license_family: MIT
  size: 40251
  timestamp: 1760295839166
- conda: https://conda.anaconda.org/conda-forge/osx-arm64/libgfortran-15.2.0-hfcf01ff_1.conda
  sha256: e9a5d1208b9dc0b576b35a484d527d9b746c4e65620e0d77c44636033b2245f0
  md5: f699348e3f4f924728e33551b1920f79
  depends:
  - libgfortran5 15.2.0 h742603c_1
  license: GPL-3.0-only WITH GCC-exception-3.1
  license_family: GPL
  size: 134016
  timestamp: 1759712902814
- conda: https://conda.anaconda.org/conda-forge/osx-arm64/libgfortran5-15.2.0-h742603c_1.conda
  sha256: 18808697013a625ca876eeee3d86ee5b656f17c391eca4a4bc70867717cc5246
  md5: afccf412b03ce2f309f875ff88419173
  depends:
  - llvm-openmp >=8.0.0
  constrains:
  - libgfortran 15.2.0
  license: GPL-3.0-only WITH GCC-exception-3.1
  license_family: GPL
  size: 764028
  timestamp: 1759712189275
- conda: https://conda.anaconda.org/conda-forge/osx-arm64/libiconv-1.18-h23cfdf5_2.conda
  sha256: de0336e800b2af9a40bdd694b03870ac4a848161b35c8a2325704f123f185f03
  md5: 4d5a7445f0b25b6a3ddbb56e790f5251
  depends:
  - __osx >=11.0
  license: LGPL-2.1-only
  size: 750379
  timestamp: 1754909073836
- conda: https://conda.anaconda.org/conda-forge/osx-arm64/libidn2-2.3.8-ha90df94_1.conda
  sha256: 6d9d2db2c8a645f63073553e9497ea266507c940de42800f2f0faddbf00149cd
  md5: d4b2e2dd2a1a1e2df8b4a3f05034beb4
  depends:
  - __osx >=11.0
  - libintl >=0.25.1,<1.0a0
  - libunistring >=0,<1.0a0
  license: LGPL-2.0-only
  license_family: LGPL
  size: 145706
  timestamp: 1760385907428
- conda: https://conda.anaconda.org/conda-forge/osx-arm64/libintl-0.25.1-h493aca8_0.conda
  sha256: 99d2cebcd8f84961b86784451b010f5f0a795ed1c08f1e7c76fbb3c22abf021a
  md5: 5103f6a6b210a3912faf8d7db516918c
  depends:
  - __osx >=11.0
  - libiconv >=1.18,<2.0a0
  license: LGPL-2.1-or-later
  size: 90957
  timestamp: 1751558394144
- conda: https://conda.anaconda.org/conda-forge/osx-arm64/liblapack-3.9.0-38_hd9741b5_openblas.conda
  build_number: 38
  sha256: df4f43d2ba45b7b80a45e8c0e51d3d7675a00047089beea7dc54e685825df9f6
  md5: 4525f30079caf1a2290538c2c531f354
  depends:
  - libblas 3.9.0 38_h51639a9_openblas
  constrains:
  - liblapacke 3.9.0   38*_openblas
  - blas 2.138   openblas
  - libcblas   3.9.0   38*_openblas
  license: BSD-3-Clause
  license_family: BSD
  size: 17709
  timestamp: 1761680572118
- conda: https://conda.anaconda.org/conda-forge/osx-arm64/liblzma-5.8.1-h39f12f2_2.conda
  sha256: 0cb92a9e026e7bd4842f410a5c5c665c89b2eb97794ffddba519a626b8ce7285
  md5: d6df911d4564d77c4374b02552cb17d1
  depends:
  - __osx >=11.0
  constrains:
  - xz 5.8.1.*
  license: 0BSD
  size: 92286
  timestamp: 1749230283517
- conda: https://conda.anaconda.org/conda-forge/osx-arm64/libmpdec-4.0.0-h5505292_0.conda
  sha256: 0a1875fc1642324ebd6c4ac864604f3f18f57fbcf558a8264f6ced028a3c75b2
  md5: 85ccccb47823dd9f7a99d2c7f530342f
  depends:
  - __osx >=11.0
  license: BSD-2-Clause
  license_family: BSD
  size: 71829
  timestamp: 1748393749336
- conda: https://conda.anaconda.org/conda-forge/osx-arm64/libnghttp2-1.67.0-hc438710_0.conda
  sha256: a07cb53b5ffa2d5a18afc6fd5a526a5a53dd9523fbc022148bd2f9395697c46d
  md5: a4b4dd73c67df470d091312ab87bf6ae
  depends:
  - __osx >=11.0
  - c-ares >=1.34.5,<2.0a0
  - libcxx >=19
  - libev >=4.33,<4.34.0a0
  - libev >=4.33,<5.0a0
  - libzlib >=1.3.1,<2.0a0
  - openssl >=3.5.2,<4.0a0
  license: MIT
  license_family: MIT
  size: 575454
  timestamp: 1756835746393
- conda: https://conda.anaconda.org/conda-forge/osx-arm64/libopenblas-0.3.30-openmp_ha158390_3.conda
  sha256: dcc626c7103503d1dfc0371687ad553cb948b8ed0249c2a721147bdeb8db4a73
  md5: a18a7f471c517062ee71b843ef95eb8a
  depends:
  - __osx >=11.0
  - libgfortran
  - libgfortran5 >=14.3.0
  - llvm-openmp >=19.1.7
  constrains:
  - openblas >=0.3.30,<0.3.31.0a0
  license: BSD-3-Clause
  license_family: BSD
  size: 4285762
  timestamp: 1761749506256
- conda: https://conda.anaconda.org/conda-forge/osx-arm64/libsqlite-3.51.0-h8adb53f_0.conda
  sha256: b43d198f147f46866e5336c4a6b91668beef698bfba69d1706158460eadb2c1b
  md5: 5fb1945dbc6380e6fe7e939a62267772
  depends:
  - __osx >=11.0
  - icu >=75.1,<76.0a0
  - libzlib >=1.3.1,<2.0a0
  license: blessing
  size: 909508
  timestamp: 1762300078624
- conda: https://conda.anaconda.org/conda-forge/osx-arm64/libssh2-1.11.1-h1590b86_0.conda
  sha256: 8bfe837221390ffc6f111ecca24fa12d4a6325da0c8d131333d63d6c37f27e0a
  md5: b68e8f66b94b44aaa8de4583d3d4cc40
  depends:
  - libzlib >=1.3.1,<2.0a0
  - openssl >=3.5.0,<4.0a0
  license: BSD-3-Clause
  license_family: BSD
  size: 279193
  timestamp: 1745608793272
- conda: https://conda.anaconda.org/conda-forge/osx-arm64/libunistring-0.9.10-h3422bc3_0.tar.bz2
  sha256: a1afe12ab199f82f339eae83405d293d197f2485d45346a709703bc7e8299949
  md5: d88e77a4861e20bd96bde6628ee7a5ae
  license: GPL-3.0-only OR LGPL-3.0-only
  size: 1577561
  timestamp: 1626955172521
- conda: https://conda.anaconda.org/conda-forge/osx-arm64/libzlib-1.3.1-h8359307_2.conda
  sha256: ce34669eadaba351cd54910743e6a2261b67009624dbc7daeeafdef93616711b
  md5: 369964e85dc26bfe78f41399b366c435
  depends:
  - __osx >=11.0
  constrains:
  - zlib 1.3.1 *_2
  license: Zlib
  license_family: Other
  size: 46438
  timestamp: 1727963202283
- conda: https://conda.anaconda.org/conda-forge/osx-arm64/llvm-openmp-21.1.5-h4a912ad_2.conda
  sha256: 38c5afe67f7e982b5a1c53a02ada948cf903ff5680f08f320f4334003f80a005
  md5: 3f8e66ee981067a7fff0c6855ff29f77
  depends:
  - __osx >=11.0
  constrains:
  - openmp 21.1.5|21.1.5.*
  - intel-openmp <0.0a0
  license: Apache-2.0 WITH LLVM-exception
  size: 285942
  timestamp: 1763095107736
- conda: https://conda.anaconda.org/bioconda/osx-arm64/ncbi-vdb-3.2.1-h4675bf2_0.tar.bz2
  sha256: d956b1058fafd393a3f023430745d62c27705870728082e19cafca1e2125fa04
  md5: ea6c0a2178b7d65512f3d02001f7d836
  depends:
  - libcxx >=18
  license: Public Domain
  size: 9594540
  timestamp: 1742339704756
- conda: https://conda.anaconda.org/conda-forge/osx-arm64/ncurses-6.5-h5e97a16_3.conda
  sha256: 2827ada40e8d9ca69a153a45f7fd14f32b2ead7045d3bbb5d10964898fe65733
  md5: 068d497125e4bf8a66bf707254fff5ae
  depends:
  - __osx >=11.0
  license: X11 AND BSD-3-Clause
  size: 797030
  timestamp: 1738196177597
- conda: https://conda.anaconda.org/conda-forge/osx-arm64/numpy-2.3.4-py314h5b5928d_0.conda
  sha256: 9e28281e67a94e4efb25617247cfcc171b30277a3407cd75c8f64a18275eed60
  md5: b61ad142f0d5978e98a4bb67cd5a4e22
  depends:
  - python
  - python 3.14.* *_cp314
  - libcxx >=19
  - __osx >=11.0
  - liblapack >=3.9.0,<4.0a0
  - libcblas >=3.9.0,<4.0a0
  - python_abi 3.14.* *_cp314
  - libblas >=3.9.0,<4.0a0
  constrains:
  - numpy-base <0a0
  license: BSD-3-Clause
  license_family: BSD
  size: 6818770
  timestamp: 1761161593428
- conda: https://conda.anaconda.org/conda-forge/osx-arm64/openssl-3.6.0-h5503f6c_0.conda
  sha256: ebe93dafcc09e099782fe3907485d4e1671296bc14f8c383cb6f3dfebb773988
  md5: b34dc4172653c13dcf453862f251af2b
  depends:
  - __osx >=11.0
  - ca-certificates
  license: Apache-2.0
  license_family: Apache
  size: 3108371
  timestamp: 1762839712322
- conda: https://conda.anaconda.org/conda-forge/osx-arm64/pcre2-10.45-ha881caa_0.conda
  sha256: e9ecb706b58b5a2047c077b3a1470e8554f3aad02e9c3c00cfa35d537420fea3
  md5: a52385b93558d8e6bbaeec5d61a21cd7
  depends:
  - __osx >=11.0
  - bzip2 >=1.0.8,<2.0a0
  - libzlib >=1.3.1,<2.0a0
  license: BSD-3-Clause
  license_family: BSD
  size: 837826
  timestamp: 1745955207242
- conda: https://conda.anaconda.org/conda-forge/osx-arm64/perl-5.32.1-7_h4614cfb_perl5.conda
  build_number: 7
  sha256: b0c55040d2994fd6bf2f83786561d92f72306d982d6ea12889acad24a9bf43b8
  md5: ba3cbe93f99e896765422cc5f7c3a79e
  license: GPL-1.0-or-later OR Artistic-1.0-Perl
  size: 14439531
  timestamp: 1703311335652
- conda: https://conda.anaconda.org/bioconda/noarch/perl-archive-tar-3.04-pl5321hdfd78af_0.tar.bz2
  sha256: ff80ba34551d4e051f4eaff48df53a6c63695dcf00e670c89a241a04f0b662ae
  md5: 27d0df347c48c48b363651b64fb6fb4c
  depends:
  - perl >=5.32.1,<6.0a0 *_perl5
  - perl-io-compress
  - perl-io-zlib
  - perl-pathtools
  license: Perl_5
  size: 35243
  timestamp: 1749770047223
- conda: https://conda.anaconda.org/conda-forge/noarch/perl-carp-1.50-pl5321hd8ed1ab_0.tar.bz2
  sha256: 1981e31113e1e77a2cdc13db657c636f047cd3be2a64d9a0bffac03c5427c1bd
  md5: bdddc03e28019b902da71b722f2288d7
  depends:
  - perl >=5.32.1,<6.0a0 *_perl5
  - perl-exporter
  - perl-extutils-makemaker
  license: GPL-1.0-or-later OR Artistic-1.0-Perl
  license_family: OTHER
  size: 22257
  timestamp: 1636653208008
- conda: https://conda.anaconda.org/conda-forge/noarch/perl-common-sense-3.75-pl5321hd8ed1ab_0.tar.bz2
  sha256: 38ef218e9b9d55b9fbdce6b31cf81bcf6f1b16f21b8e7cb9279b41399522a320
  md5: ef70dc77e8b10bbb62f5e843b401ef0e
  depends:
  - perl >=5.32.1,<6.0a0 *_perl5
  license: GPL-1.0-or-later OR Artistic-1.0-Perl
  license_family: OTHER
  size: 20291
  timestamp: 1660429950685
- conda: https://conda.anaconda.org/conda-forge/osx-arm64/perl-compress-raw-bzip2-2.214-pl5321h2ddc596_0.conda
  sha256: ef4c03b93bda20fbf1e14aaed8d2dfab47be84c87a2ebcad33304dcd91ff963e
  md5: 11449b58306c8d2334895cee4420b73b
  depends:
  - __osx >=11.0
  - perl >=5.32.1,<5.33.0a0 *_perl5
  license: GPL-1.0-or-later OR Artistic-1.0-Perl
  license_family: OTHER
  size: 53995
  timestamp: 1761332770399
- conda: https://conda.anaconda.org/conda-forge/osx-arm64/perl-compress-raw-zlib-2.214-pl5321ha1c2b25_0.conda
  sha256: 4f52ea95e8d3ffcb2b0d330dd45300f930565d76852795f1dd26970930855ffd
  md5: ea7d19c2d6142748d7a8b4e71fb1616e
  depends:
  - __osx >=11.0
  - perl >=5.32.1,<5.33.0a0 *_perl5
  license: GPL-1.0-or-later OR Artistic-1.0-Perl
  license_family: OTHER
  size: 74597
  timestamp: 1761332854921
- conda: https://conda.anaconda.org/conda-forge/osx-arm64/perl-encode-3.21-pl5321h5505292_1.conda
  sha256: 7a781b37b0100f61d07136dce26d3f5730ae47b65918ceacf7b9fe9742c41049
  md5: 42eb64f1b92569f629eb7da894bbfaf0
  depends:
  - __osx >=11.0
  - perl >=5.32.1,<5.33.0a0 *_perl5
  - perl-exporter
  - perl-parent
  - perl-storable
  license: GPL-1.0-or-later OR Artistic-1.0-Perl
  size: 1086399
  timestamp: 1741897764138
- conda: https://conda.anaconda.org/conda-forge/noarch/perl-exporter-5.74-pl5321hd8ed1ab_0.tar.bz2
  sha256: 42271d0b79043a10a89044acb5febea50046b745dd2fc37e02943bc3bc75bf8e
  md5: fd2eac4e35f8c970870a3961c1df3e29
  depends:
  - perl >=5.32.1,<6.0a0 *_perl5
  license: GPL-1.0-or-later OR Artistic-1.0-Perl
  license_family: OTHER
  size: 19071
  timestamp: 1636696009075
- conda: https://conda.anaconda.org/conda-forge/noarch/perl-exporter-tiny-1.002002-pl5321hd8ed1ab_0.tar.bz2
  sha256: abdf86828a12a389d0feb0d70501b267842557bae11820e266526aeb6ab2bebe
  md5: 48d709826875be1f2c108d3d1d8efec7
  depends:
  - perl >=5.32.1,<6.0a0 *_perl5
  license: GPL-1.0-or-later OR Artistic-1.0-Perl
  license_family: OTHER
  size: 28592
  timestamp: 1660341479867
- conda: https://conda.anaconda.org/conda-forge/noarch/perl-extutils-makemaker-7.70-pl5321hd8ed1ab_0.conda
  sha256: 1d3f342ca74cf2948c3edcfe0d3367b1db0fc64bb163393a2e025336dec3a40c
  md5: ec3e57ed34f7765bfc7054a05868ce5d
  depends:
  - perl >=5.32.1,<6.0a0 *_perl5
  license: GPL-1.0-or-later OR Artistic-1.0-Perl
  license_family: OTHER
  size: 157323
  timestamp: 1679847836884
- conda: https://conda.anaconda.org/bioconda/osx-arm64/perl-io-compress-2.213-pl5321haef7865_0.conda
  sha256: b797aa7ec3473194b1d06ac0f200d57be60241b95d056c9e4a22cf192137dcb9
  md5: dc0cfabe2ccc0e4756da13e94dc3dd8b
  depends:
  - libcxx >=18
  - perl >=5.32.1,<5.33.0a0 *_perl5
  - perl-compress-raw-bzip2 >=2.213
  - perl-compress-raw-zlib >=2.213
  - perl-encode
  - perl-scalar-list-utils
  license: Perl_5
  size: 87247
  timestamp: 1756385199652
- conda: https://conda.anaconda.org/bioconda/noarch/perl-io-zlib-1.15-pl5321hdfd78af_1.tar.bz2
  sha256: 771a44b338cac68a22893897450222b886e24bbb291b014897d561f2ba3b588f
  md5: db92645dabe9467115729e4479841b5d
  depends:
  - perl >=5.32.1,<6.0a0 *_perl5
  license: GPL-1.0-or-later OR Artistic-1.0-Perl
  size: 12760
  timestamp: 1752069858135
- conda: https://conda.anaconda.org/bioconda/noarch/perl-json-4.10-pl5321hdfd78af_1.tar.bz2
  sha256: c30768595793865d67fe2bf76a34e696a0664ae1f1cef34e31cb16618af22d61
  md5: c6c43c11e14d90b836f42c611e106ea9
  depends:
  - perl >=5.32.1,<6.0a0 *_perl5
  - perl-json-xs
  license: GPL-1.0-or-later OR Artistic-1.0-Perl
  size: 57728
  timestamp: 1722414214816
- conda: https://conda.anaconda.org/bioconda/osx-arm64/perl-json-xs-4.04-pl5321h4675bf2_0.conda
  sha256: 0a83c4cee65c1beb748948ad1017ff9fbdb3d64cc3eb13599e938f06cd609cbe
  md5: 7b47788061026d732bab29c1b24a9c92
  depends:
  - libcxx >=18
  - perl >=5.32.1,<5.33.0a0 *_perl5
  - perl-common-sense
  - perl-types-serialiser
  license: GPL-1.0-or-later OR Artistic-1.0-Perl
  size: 68334
  timestamp: 1757351554241
- conda: https://conda.anaconda.org/bioconda/noarch/perl-list-moreutils-0.430-pl5321hdfd78af_0.tar.bz2
  sha256: 2190cc8430bb218ea80f5fc5e2bf75e4e20a27fb83e8c3cb789a18c32854a56c
  md5: 7f04c79d216d0f8e7b6d5a51de4aafa0
  depends:
  - perl >=5.32.1,<6.0a0 *_perl5
  - perl-exporter-tiny
  - perl-list-moreutils-xs >=0.430
  license: apache_2_0
  size: 32468
  timestamp: 1644871004171
- conda: https://conda.anaconda.org/bioconda/osx-arm64/perl-list-moreutils-xs-0.430-pl5321hbdacb55_5.tar.bz2
  sha256: 46d9645a60edde726f5891ae254db4bb2a17f0e32ff64a18160910c4a618d879
  md5: 4f44dd7b4232e9c202a72d17f9d1c287
  depends:
  - perl >=5.32.1,<5.33.0a0 *_perl5
  license: apache_2_0
  size: 43423
  timestamp: 1741776343291
- conda: https://conda.anaconda.org/conda-forge/noarch/perl-parent-0.243-pl5321hd8ed1ab_0.conda
  sha256: ec57d9e56ba86d840d5a9e65c665365fb6a290851cd13e6719628f3295eabf34
  md5: 314caa3b72d65f8078d426c6721dcacc
  depends:
  - perl >=5.32.1,<6.0a0 *_perl5
  license: GPL-1.0-or-later OR Artistic-1.0-Perl
  license_family: OTHER
  size: 13933
  timestamp: 1733429736293
- conda: https://conda.anaconda.org/conda-forge/osx-arm64/perl-pathtools-3.75-pl5321hc71e825_2.conda
  sha256: 85eca77264dfe63673098dbc5d07a576c20f8aca6fada79041ad4ca24742d83d
  md5: c27e14dadd37c355bd3160a0a4830653
  depends:
  - __osx >=11.0
  - perl >=5.32.1,<5.33.0a0 *_perl5
  - perl-carp
  license: GPL-1.0-or-later OR Artistic-1.0-Perl
  license_family: OTHER
  size: 49073
  timestamp: 1741783420655
- conda: https://conda.anaconda.org/conda-forge/osx-arm64/perl-scalar-list-utils-1.70-pl5321h44e845a_0.conda
  sha256: 6dea0dd8ea98d807866c3d469afe658dbbf6153f0ac9e9fecd15dc76c96225ef
  md5: aad96d9728726b11fc1b451c247a9fdb
  depends:
  - __osx >=11.0
  - perl >=5.32.1,<5.33.0a0 *_perl5
  license: GPL-1.0-or-later OR Artistic-1.0-Perl
  license_family: OTHER
  size: 46900
  timestamp: 1753965963335
- conda: https://conda.anaconda.org/conda-forge/osx-arm64/perl-storable-3.15-pl5321hc71e825_2.conda
  sha256: 7e0cfec98f6a4ee7f4ce7e18d9efc748a8bdf1462081a1897c445f709a791d0c
  md5: 8574488332db7649d4f87120553ec179
  depends:
  - __osx >=11.0
  - perl >=5.32.1,<5.33.0a0 *_perl5
  license: GPL-1.0-or-later OR Artistic-1.0-Perl
  license_family: OTHER
  size: 63402
  timestamp: 1741353964208
- conda: https://conda.anaconda.org/bioconda/noarch/perl-types-serialiser-1.01-pl5321hdfd78af_0.tar.bz2
  sha256: 20f61217b16235d0161ad6fa0a234585afcc04ec5a6142c65b5867e26216dfe3
  md5: cfc65753e827bbef80c00eaa395f6ae7
  depends:
  - perl >=5.32.1,<6.0a0 *_perl5
  - perl-common-sense
  license: perl_5
  size: 13136
  timestamp: 1644512391683
- conda: https://conda.anaconda.org/conda-forge/osx-arm64/python-3.14.0-h40d2674_102_cp314.conda
  build_number: 102
  sha256: 3ca1da026fe5df8a479d60e1d3ed02d9bc50fcbafd5f125d86abe70d21a34cc7
  md5: a9ff09231c555da7e30777747318321b
  depends:
  - __osx >=11.0
  - bzip2 >=1.0.8,<2.0a0
  - libexpat >=2.7.1,<3.0a0
  - libffi >=3.5.2,<3.6.0a0
  - liblzma >=5.8.1,<6.0a0
  - libmpdec >=4.0.0,<5.0a0
  - libsqlite >=3.50.4,<4.0a0
  - libzlib >=1.3.1,<2.0a0
  - ncurses >=6.5,<7.0a0
  - openssl >=3.5.4,<4.0a0
  - python_abi 3.14.* *_cp314
  - readline >=8.2,<9.0a0
  - tk >=8.6.13,<8.7.0a0
  - tzdata
  - zstd >=1.5.7,<1.6.0a0
  license: Python-2.0
  size: 13590581
  timestamp: 1761177195716
  python_site_packages_path: lib/python3.14/site-packages
- conda: https://conda.anaconda.org/conda-forge/noarch/python_abi-3.14-8_cp314.conda
  build_number: 8
  sha256: ad6d2e9ac39751cc0529dd1566a26751a0bf2542adb0c232533d32e176e21db5
  md5: 0539938c55b6b1a59b560e843ad864a4
  constrains:
  - python 3.14.* *_cp314
  license: BSD-3-Clause
  license_family: BSD
  size: 6989
  timestamp: 1752805904792
- conda: https://conda.anaconda.org/conda-forge/osx-arm64/readline-8.2-h1d1bf99_2.conda
  sha256: 7db04684d3904f6151eff8673270922d31da1eea7fa73254d01c437f49702e34
  md5: 63ef3f6e6d6d5c589e64f11263dc5676
  depends:
  - ncurses >=6.5,<7.0a0
  license: GPL-3.0-only
  license_family: GPL
  size: 252359
  timestamp: 1740379663071
- conda: https://conda.anaconda.org/bioconda/osx-arm64/rpsbproc-0.5.0-hf8bb5b5_3.tar.bz2
  sha256: e56c776f6c68d1e8ce22d8663aa2df5f763e9e0bd727429aa0b0c191906d7f1d
  md5: be4c9f7fcf4b875518e03341995e786b
  depends:
  - bzip2 >=1.0.8,<2.0a0
  - libcxx >=18
  - libsqlite >=3.49.1,<4.0a0
  - libzlib >=1.3.1,<2.0a0
  license: Public Domain
  size: 4701550
  timestamp: 1743099954895
- conda: https://conda.anaconda.org/conda-forge/osx-arm64/tk-8.6.13-h892fb3f_3.conda
  sha256: ad0c67cb03c163a109820dc9ecf77faf6ec7150e942d1e8bb13e5d39dc058ab7
  md5: a73d54a5abba6543cb2f0af1bfbd6851
  depends:
  - __osx >=11.0
  - libzlib >=1.3.1,<2.0a0
  license: TCL
  license_family: BSD
  size: 3125484
  timestamp: 1763055028377
- conda: https://conda.anaconda.org/conda-forge/noarch/tzdata-2025b-h78e105d_0.conda
  sha256: 5aaa366385d716557e365f0a4e9c3fca43ba196872abbbe3d56bb610d131e192
  md5: 4222072737ccff51314b5ece9c7d6f5a
  license: LicenseRef-Public-Domain
  size: 122968
  timestamp: 1742727099393
- conda: https://conda.anaconda.org/conda-forge/osx-arm64/wget-1.25.0-hd7c3adf_0.conda
  sha256: 50c292216ec347ac3674750a45ef33059427668599eb0e194d0d0b1ee692d0b4
  md5: e2d9be567f07539c0f6b1f5ab0ef08f5
  depends:
  - __osx >=11.0
  - libidn2 >=2,<3.0a0
  - libunistring >=0,<1.0a0
  - libzlib >=1.3.1,<2.0a0
  - openssl >=3.5.4,<4.0a0
  - pcre2 >=10.45,<10.46.0a0
  - zlib
  license: GPL-3.0-or-later
  license_family: GPL
  size: 326186
  timestamp: 1761206964117
- conda: https://conda.anaconda.org/conda-forge/osx-arm64/zlib-1.3.1-h8359307_2.conda
  sha256: 58f8860756680a4831c1bf4f294e2354d187f2e999791d53b1941834c4b37430
  md5: e3170d898ca6cb48f1bb567afb92f775
  depends:
  - __osx >=11.0
  - libzlib 1.3.1 h8359307_2
  license: Zlib
  license_family: Other
  size: 77606
  timestamp: 1727963209370
- conda: https://conda.anaconda.org/conda-forge/osx-arm64/zstd-1.5.7-h6491c7d_2.conda
  sha256: 0d02046f57f7a1a3feae3e9d1aa2113788311f3cf37a3244c71e61a93177ba67
  md5: e6f69c7bcccdefa417f056fa593b40f0
  depends:
  - __osx >=11.0
  - libzlib >=1.3.1,<2.0a0
  license: BSD-3-Clause
  license_family: BSD
  size: 399979
  timestamp: 1742433432699
